
Microsoft Visual Studio Solution File, Format Version 12.00
# Visual Studio Version 16
VisualStudioVersion = 16.0.31911.196
MinimumVisualStudioVersion = 10.0.40219.1
Project("{FAE04EC0-301F-11D3-BF4B-00C04F79EFBC}") = "digit_units_input", "digit_units_input\digit_units_input.csproj", "{A854609E-9150-413F-ACC2-DF91565D60BD}"
EndProject
Global
	GlobalSection(SolutionConfigurationPlatforms) = preSolution
		Debug|Any CPU = Debug|Any CPU
		Release|Any CPU = Release|Any CPU
	EndGlobalSection
	GlobalSection(ProjectConfigurationPlatforms) = postSolution
		{A854609E-9150-413F-ACC2-DF91565D60BD}.Debug|Any CPU.ActiveCfg = Debug|Any CPU
		{A854609E-9150-413F-ACC2-DF91565D60BD}.Debug|Any CPU.Build.0 = Debug|Any CPU
		{A854609E-9150-413F-ACC2-DF91565D60BD}.Release|Any CPU.ActiveCfg = Release|Any CPU
		{A854609E-9150-413F-ACC2-DF91565D60BD}.Release|Any CPU.Build.0 = Release|Any CPU
	EndGlobalSection
	GlobalSection(SolutionProperties) = preSolution
		HideSolutionNode = FALSE
	EndGlobalSection
	GlobalSection(ExtensibilityGlobals) = postSolution
		SolutionGuid = {54DD93F6-6621-4FE9-987D-6E3B106E6CD3}
	EndGlobalSection
EndGlobal
