
Microsoft Visual Studio Solution File, Format Version 12.00
# Visual Studio Version 16
VisualStudioVersion = 16.0.31911.196
MinimumVisualStudioVersion = 10.0.40219.1
Project("{FAE04EC0-301F-11D3-BF4B-00C04F79EFBC}") = "xor_function", "xor_function\xor_function.csproj", "{1417C255-A2CB-4E48-9765-047864079705}"
EndProject
Global
	GlobalSection(SolutionConfigurationPlatforms) = preSolution
		Debug|Any CPU = Debug|Any CPU
		Release|Any CPU = Release|Any CPU
	EndGlobalSection
	GlobalSection(ProjectConfigurationPlatforms) = postSolution
		{1417C255-A2CB-4E48-9765-047864079705}.Debug|Any CPU.ActiveCfg = Debug|Any CPU
		{1417C255-A2CB-4E48-9765-047864079705}.Debug|Any CPU.Build.0 = Debug|Any CPU
		{1417C255-A2CB-4E48-9765-047864079705}.Release|Any CPU.ActiveCfg = Release|Any CPU
		{1417C255-A2CB-4E48-9765-047864079705}.Release|Any CPU.Build.0 = Release|Any CPU
	EndGlobalSection
	GlobalSection(SolutionProperties) = preSolution
		HideSolutionNode = FALSE
	EndGlobalSection
	GlobalSection(ExtensibilityGlobals) = postSolution
		SolutionGuid = {6A6D9B7D-A38F-4317-821B-56AF5EE8F92B}
	EndGlobalSection
EndGlobal
